
Microsoft Visual Studio Solution File, Format Version 12.00
# Visual Studio 15
VisualStudioVersion = 15.0.27004.2009
MinimumVisualStudioVersion = 10.0.40219.1
Project("{FAE04EC0-301F-11D3-BF4B-00C04F79EFBC}") = "ModInstaller", "ModInstaller\ModInstaller.csproj", "{B2643F2F-418A-448E-875F-9D07D4780F3C}"
EndProject
Global
	GlobalSection(SolutionConfigurationPlatforms) = preSolution
		Debug|Any CPU = Debug|Any CPU
		Release|Any CPU = Release|Any CPU
	EndGlobalSection
	GlobalSection(ProjectConfigurationPlatforms) = postSolution
		{B2643F2F-418A-448E-875F-9D07D4780F3C}.Debug|Any CPU.ActiveCfg = Debug|Any CPU
		{B2643F2F-418A-448E-875F-9D07D4780F3C}.Debug|Any CPU.Build.0 = Debug|Any CPU
		{B2643F2F-418A-448E-875F-9D07D4780F3C}.Release|Any CPU.ActiveCfg = Release|Any CPU
		{B2643F2F-418A-448E-875F-9D07D4780F3C}.Release|Any CPU.Build.0 = Release|Any CPU
	EndGlobalSection
	GlobalSection(SolutionProperties) = preSolution
		HideSolutionNode = FALSE
	EndGlobalSection
	GlobalSection(ExtensibilityGlobals) = postSolution
		SolutionGuid = {1F40EAE8-2E8D-42FC-9F72-3487831C1F09}
	EndGlobalSection
EndGlobal
